
Microsoft Visual Studio Solution File, Format Version 12.00
# Visual Studio Version 16
VisualStudioVersion = 16.0.30804.86
MinimumVisualStudioVersion = 10.0.40219.1
Project("{9A19103F-16F7-4668-BE54-9A1E7A4F7556}") = "ScholarshipManagementSystem", "ScholarshipManagementSystem\ScholarshipManagementSystem.csproj", "{3447084E-E2F8-4CD6-9736-C3C6DAF59C28}"
EndProject
Project("{FAE04EC0-301F-11D3-BF4B-00C04F79EFBC}") = "SMSService", "SMSService\SMSService.csproj", "{4B23035A-4738-4AC8-A56C-77CDC6D4B035}"
EndProject
Project("{FAE04EC0-301F-11D3-BF4B-00C04F79EFBC}") = "DAL", "DAL\DAL.csproj", "{895F7222-38DA-4213-A768-09D9B4E33568}"
EndProject
Project("{2150E333-8FDC-42A3-9474-1A3956D46DE8}") = "1. DAL", "1. DAL", "{B3B6291E-5C75-4ABB-80B3-98D0F370DF9B}"
EndProject
Project("{2150E333-8FDC-42A3-9474-1A3956D46DE8}") = "2. SMS Service", "2. SMS Service", "{825F5E7A-BE91-40DA-8B47-B48ACEBA7C80}"
EndProject
Project("{2150E333-8FDC-42A3-9474-1A3956D46DE8}") = "3. Web", "3. Web", "{2223AFDE-C898-470F-BAC3-B91F05C59D3D}"
EndProject
Global
	GlobalSection(SolutionConfigurationPlatforms) = preSolution
		Debug|Any CPU = Debug|Any CPU
		Release|Any CPU = Release|Any CPU
	EndGlobalSection
	GlobalSection(ProjectConfigurationPlatforms) = postSolution
		{3447084E-E2F8-4CD6-9736-C3C6DAF59C28}.Debug|Any CPU.ActiveCfg = Debug|Any CPU
		{3447084E-E2F8-4CD6-9736-C3C6DAF59C28}.Debug|Any CPU.Build.0 = Debug|Any CPU
		{3447084E-E2F8-4CD6-9736-C3C6DAF59C28}.Release|Any CPU.ActiveCfg = Release|Any CPU
		{3447084E-E2F8-4CD6-9736-C3C6DAF59C28}.Release|Any CPU.Build.0 = Release|Any CPU
		{4B23035A-4738-4AC8-A56C-77CDC6D4B035}.Debug|Any CPU.ActiveCfg = Debug|Any CPU
		{4B23035A-4738-4AC8-A56C-77CDC6D4B035}.Debug|Any CPU.Build.0 = Debug|Any CPU
		{4B23035A-4738-4AC8-A56C-77CDC6D4B035}.Release|Any CPU.ActiveCfg = Release|Any CPU
		{4B23035A-4738-4AC8-A56C-77CDC6D4B035}.Release|Any CPU.Build.0 = Release|Any CPU
		{895F7222-38DA-4213-A768-09D9B4E33568}.Debug|Any CPU.ActiveCfg = Debug|Any CPU
		{895F7222-38DA-4213-A768-09D9B4E33568}.Debug|Any CPU.Build.0 = Debug|Any CPU
		{895F7222-38DA-4213-A768-09D9B4E33568}.Release|Any CPU.ActiveCfg = Release|Any CPU
		{895F7222-38DA-4213-A768-09D9B4E33568}.Release|Any CPU.Build.0 = Release|Any CPU
	EndGlobalSection
	GlobalSection(SolutionProperties) = preSolution
		HideSolutionNode = FALSE
	EndGlobalSection
	GlobalSection(NestedProjects) = preSolution
		{3447084E-E2F8-4CD6-9736-C3C6DAF59C28} = {2223AFDE-C898-470F-BAC3-B91F05C59D3D}
		{4B23035A-4738-4AC8-A56C-77CDC6D4B035} = {825F5E7A-BE91-40DA-8B47-B48ACEBA7C80}
		{895F7222-38DA-4213-A768-09D9B4E33568} = {B3B6291E-5C75-4ABB-80B3-98D0F370DF9B}
	EndGlobalSection
	GlobalSection(ExtensibilityGlobals) = postSolution
		SolutionGuid = {7BD76D80-9002-46AB-B430-8168A45F922C}
	EndGlobalSection
EndGlobal
